
Microsoft Visual Studio Solution File, Format Version 12.00
# Visual Studio 15
VisualStudioVersion = 15.0.28307.572
MinimumVisualStudioVersion = 10.0.40219.1
Project("{888888A0-9F3D-457C-B088-3A5042F75D52}") = "TensorFlow", "TensorFlow.pyproj", "{FE2F2757-090F-4D6E-A696-D48573F7CDAA}"
EndProject
Global
	GlobalSection(SolutionConfigurationPlatforms) = preSolution
		Debug|Any CPU = Debug|Any CPU
		Release|Any CPU = Release|Any CPU
	EndGlobalSection
	GlobalSection(ProjectConfigurationPlatforms) = postSolution
		{FE2F2757-090F-4D6E-A696-D48573F7CDAA}.Debug|Any CPU.ActiveCfg = Debug|Any CPU
		{FE2F2757-090F-4D6E-A696-D48573F7CDAA}.Release|Any CPU.ActiveCfg = Release|Any CPU
	EndGlobalSection
	GlobalSection(SolutionProperties) = preSolution
		HideSolutionNode = FALSE
	EndGlobalSection
	GlobalSection(ExtensibilityGlobals) = postSolution
		SolutionGuid = {B310F330-2235-47EF-BF70-08673A4DB30D}
	EndGlobalSection
EndGlobal
